# This file is automatically @generated by Cargo.
# It is not intended for manual editing.
[[package]]
name = "feather-base"
version = "0.1.0"
dependencies = [
 "feather-blocks 0.1.0",
 "feather-generated 0.1.0",
]

[[package]]
name = "feather-blocks"
version = "0.1.0"

[[package]]
name = "feather-common"
version = "0.1.0"
dependencies = [
 "feather-base 0.1.0",
 "feather-ecs 0.1.0",
]

[[package]]
name = "feather-ecs"
version = "0.1.0"

[[package]]
name = "feather-generated"
version = "0.1.0"

[[package]]
name = "feather-protocol"
version = "0.1.0"

[[package]]
name = "feather-server"
version = "0.1.0"
dependencies = [
 "feather-base 0.1.0",
 "feather-common 0.1.0",
 "feather-ecs 0.1.0",
 "feather-protocol 0.1.0",
]

